github.com/alexandrevicenzi/go-sse v1.6.0 h1:3KvOzpuY7UrbqZgAtOEmub9/V5ykr7Myudw+PA+H1Ik=
github.com/alexandrevicenzi/go-sse v1.6.0/go.mod h1:jdrNAhMgVqP7OfcUuM8eJx0sOY17wc+girs5utpFZUU=
github.com/go-chi/chi/v5 v5.0.8 h1:lD+NLqFcAi1ovnVZpsnObHGW4xb4J8lNmoYVfECH1Y0=
github.com/go-chi/chi/v5 v5.0.8/go.mod h1:DslCQbL2OYiznFReuXYUmQ2hGd1aDpCnlMNITLSKoi8=
